// !$*UTF8*$!
{
	archiveVersion = 1;
	classes = {
	};
	objectVersion = 46;
	objects = {

/* Begin PBXBuildFile section */
		3457130A1FA383C80085B71E /* main.m in Sources */ = {isa = PBXBuildFile; fileRef = 345713091FA383C80085B71E /* main.m */; };
		3457130D1FA383C80085B71E /* AppDelegate.m in Sources */ = {isa = PBXBuildFile; fileRef = 3457130C1FA383C80085B71E /* AppDelegate.m */; };
		345713131FA383C80085B71E /* Main.storyboard in Resources */ = {isa = PBXBuildFile; fileRef = 345713111FA383C80085B71E /* Main.storyboard */; };
		345713151FA383C80085B71E /* Assets.xcassets in Resources */ = {isa = PBXBuildFile; fileRef = 345713141FA383C80085B71E /* Assets.xcassets */; };
		345713181FA383C80085B71E /* LaunchScreen.storyboard in Resources */ = {isa = PBXBuildFile; fileRef = 345713161FA383C80085B71E /* LaunchScreen.storyboard */; };
		345713231FA383C90085B71E /* helloXMPPTests.m in Sources */ = {isa = PBXBuildFile; fileRef = 345713221FA383C90085B71E /* helloXMPPTests.m */; };
		3457132E1FA383C90085B71E /* helloXMPPUITests.m in Sources */ = {isa = PBXBuildFile; fileRef = 3457132D1FA383C90085B71E /* helloXMPPUITests.m */; };
		345713401FA384A00085B71E /* LoginVC.m in Sources */ = {isa = PBXBuildFile; fileRef = 3457133D1FA384A00085B71E /* LoginVC.m */; };
		345713411FA384A00085B71E /* RegisterVC.m in Sources */ = {isa = PBXBuildFile; fileRef = 3457133F1FA384A00085B71E /* RegisterVC.m */; };
		345713531FA491FB0085B71E /* XMPPTools.m in Sources */ = {isa = PBXBuildFile; fileRef = 345713521FA491FB0085B71E /* XMPPTools.m */; };
		38B94A1E358B7A27DA7CFBB8 /* Pods_helloXMPP.framework in Frameworks */ = {isa = PBXBuildFile; fileRef = B72F11B30002364400882BC3 /* Pods_helloXMPP.framework */; };
/* End PBXBuildFile section */

/* Begin PBXContainerItemProxy section */
		3457131F1FA383C80085B71E /* PBXContainerItemProxy */ = {
			isa = PBXContainerItemProxy;
			containerPortal = 345712FD1FA383C80085B71E /* Project object */;
			proxyType = 1;
			remoteGlobalIDString = 345713041FA383C80085B71E;
			remoteInfo = helloXMPP;
		};
		3457132A1FA383C90085B71E /* PBXContainerItemProxy */ = {
			isa = PBXContainerItemProxy;
			containerPortal = 345712FD1FA383C80085B71E /* Project object */;
			proxyType = 1;
			remoteGlobalIDString = 345713041FA383C80085B71E;
			remoteInfo = helloXMPP;
		};
/* End PBXContainerItemProxy section */

/* Begin PBXFileReference section */
		345713051FA383C80085B71E /* helloXMPP.app */ = {isa = PBXFileReference; explicitFileType = wrapper.application; includeInIndex = 0; path = helloXMPP.app; sourceTree = BUILT_PRODUCTS_DIR; };
		345713091FA383C80085B71E /* main.m */ = {isa = PBXFileReference; lastKnownFileType = sourcecode.c.objc; path = main.m; sourceTree = "<group>"; };
		3457130B1FA383C80085B71E /* AppDelegate.h */ = {isa = PBXFileReference; lastKnownFileType = sourcecode.c.h; path = AppDelegate.h; sourceTree = "<group>"; };
		3457130C1FA383C80085B71E /* AppDelegate.m */ = {isa = PBXFileReference; lastKnownFileType = sourcecode.c.objc; path = AppDelegate.m; sourceTree = "<group>"; };
		345713121FA383C80085B71E /* Base */ = {isa = PBXFileReference; lastKnownFileType = file.storyboard; name = Base; path = Base.lproj/Main.storyboard; sourceTree = "<group>"; };
		345713141FA383C80085B71E /* Assets.xcassets */ = {isa = PBXFileReference; lastKnownFileType = folder.assetcatalog; path = Assets.xcassets; sourceTree = "<group>"; };
		345713171FA383C80085B71E /* Base */ = {isa = PBXFileReference; lastKnownFileType = file.storyboard; name = Base; path = Base.lproj/LaunchScreen.storyboard; sourceTree = "<group>"; };
		345713191FA383C80085B71E /* Info.plist */ = {isa = PBXFileReference; lastKnownFileType = text.plist.xml; path = Info.plist; sourceTree = "<group>"; };
		3457131E1FA383C80085B71E /* helloXMPPTests.xctest */ = {isa = PBXFileReference; explicitFileType = wrapper.cfbundle; includeInIndex = 0; path = helloXMPPTests.xctest; sourceTree = BUILT_PRODUCTS_DIR; };
		345713221FA383C90085B71E /* helloXMPPTests.m */ = {isa = PBXFileReference; lastKnownFileType = sourcecode.c.objc; path = helloXMPPTests.m; sourceTree = "<group>"; };
		345713241FA383C90085B71E /* Info.plist */ = {isa = PBXFileReference; lastKnownFileType = text.plist.xml; path = Info.plist; sourceTree = "<group>"; };
		345713291FA383C90085B71E /* helloXMPPUITests.xctest */ = {isa = PBXFileReference; explicitFileType = wrapper.cfbundle; includeInIndex = 0; path = helloXMPPUITests.xctest; sourceTree = BUILT_PRODUCTS_DIR; };
		3457132D1FA383C90085B71E /* helloXMPPUITests.m */ = {isa = PBXFileReference; lastKnownFileType = sourcecode.c.objc; path = helloXMPPUITests.m; sourceTree = "<group>"; };
		3457132F1FA383C90085B71E /* Info.plist */ = {isa = PBXFileReference; lastKnownFileType = text.plist.xml; path = Info.plist; sourceTree = "<group>"; };
		3457133C1FA384A00085B71E /* LoginVC.h */ = {isa = PBXFileReference; fileEncoding = 4; lastKnownFileType = sourcecode.c.h; path = LoginVC.h; sourceTree = "<group>"; };
		3457133D1FA384A00085B71E /* LoginVC.m */ = {isa = PBXFileReference; fileEncoding = 4; lastKnownFileType = sourcecode.c.objc; path = LoginVC.m; sourceTree = "<group>"; };
		3457133E1FA384A00085B71E /* RegisterVC.h */ = {isa = PBXFileReference; fileEncoding = 4; lastKnownFileType = sourcecode.c.h; path = RegisterVC.h; sourceTree = "<group>"; };
		3457133F1FA384A00085B71E /* RegisterVC.m */ = {isa = PBXFileReference; fileEncoding = 4; lastKnownFileType = sourcecode.c.objc; path = RegisterVC.m; sourceTree = "<group>"; };
		345713501FA491330085B71E /* PrefixHeader.pch */ = {isa = PBXFileReference; lastKnownFileType = sourcecode.c.h; path = PrefixHeader.pch; sourceTree = "<group>"; };
		345713511FA491FB0085B71E /* XMPPTools.h */ = {isa = PBXFileReference; fileEncoding = 4; lastKnownFileType = sourcecode.c.h; path = XMPPTools.h; sourceTree = "<group>"; };
		345713521FA491FB0085B71E /* XMPPTools.m */ = {isa = PBXFileReference; fileEncoding = 4; lastKnownFileType = sourcecode.c.objc; path = XMPPTools.m; sourceTree = "<group>"; };
		7985AD58F87669D1A996A9D0 /* Pods-helloXMPP.debug.xcconfig */ = {isa = PBXFileReference; includeInIndex = 1; lastKnownFileType = text.xcconfig; name = "Pods-helloXMPP.debug.xcconfig"; path = "Pods/Target Support Files/Pods-helloXMPP/Pods-helloXMPP.debug.xcconfig"; sourceTree = "<group>"; };
		95A5F1E8D60C77479FD51A13 /* Pods-helloXMPP.release.xcconfig */ = {isa = PBXFileReference; includeInIndex = 1; lastKnownFileType = text.xcconfig; name = "Pods-helloXMPP.release.xcconfig"; path = "Pods/Target Support Files/Pods-helloXMPP/Pods-helloXMPP.release.xcconfig"; sourceTree = "<group>"; };
		B72F11B30002364400882BC3 /* Pods_helloXMPP.framework */ = {isa = PBXFileReference; explicitFileType = wrapper.framework; includeInIndex = 0; path = Pods_helloXMPP.framework; sourceTree = BUILT_PRODUCTS_DIR; };
/* End PBXFileReference section */

/* Begin PBXFrameworksBuildPhase section */
		345713021FA383C80085B71E /* Frameworks */ = {
			isa = PBXFrameworksBuildPhase;
			buildActionMask = 2147483647;
			files = (
				38B94A1E358B7A27DA7CFBB8 /* Pods_helloXMPP.framework in Frameworks */,
			);
			runOnlyForDeploymentPostprocessing = 0;
		};
		3457131B1FA383C80085B71E /* Frameworks */ = {
			isa = PBXFrameworksBuildPhase;
			buildActionMask = 2147483647;
			files = (
			);
			runOnlyForDeploymentPostprocessing = 0;
		};
		345713261FA383C90085B71E /* Frameworks */ = {
			isa = PBXFrameworksBuildPhase;
			buildActionMask = 2147483647;
			files = (
			);
			runOnlyForDeploymentPostprocessing = 0;
		};
/* End PBXFrameworksBuildPhase section */

/* Begin PBXGroup section */
		2AF39A4B2ED188B3DD57F82A /* Pods */ = {
			isa = PBXGroup;
			children = (
				7985AD58F87669D1A996A9D0 /* Pods-helloXMPP.debug.xcconfig */,
				95A5F1E8D60C77479FD51A13 /* Pods-helloXMPP.release.xcconfig */,
			);
			name = Pods;
			sourceTree = "<group>";
		};
		345712FC1FA383C80085B71E = {
			isa = PBXGroup;
			children = (
				345713071FA383C80085B71E /* helloXMPP */,
				345713211FA383C80085B71E /* helloXMPPTests */,
				3457132C1FA383C90085B71E /* helloXMPPUITests */,
				345713061FA383C80085B71E /* Products */,
				2AF39A4B2ED188B3DD57F82A /* Pods */,
				E27DE317A4431E6B3D48F60B /* Frameworks */,
			);
			sourceTree = "<group>";
		};
		345713061FA383C80085B71E /* Products */ = {
			isa = PBXGroup;
			children = (
				345713051FA383C80085B71E /* helloXMPP.app */,
				3457131E1FA383C80085B71E /* helloXMPPTests.xctest */,
				345713291FA383C90085B71E /* helloXMPPUITests.xctest */,
			);
			name = Products;
			sourceTree = "<group>";
		};
		345713071FA383C80085B71E /* helloXMPP */ = {
			isa = PBXGroup;
			children = (
				3457130B1FA383C80085B71E /* AppDelegate.h */,
				3457130C1FA383C80085B71E /* AppDelegate.m */,
				3457134C1FA490C00085B71E /* Tools */,
				3457133B1FA384A00085B71E /* VC */,
				345713111FA383C80085B71E /* Main.storyboard */,
				345713141FA383C80085B71E /* Assets.xcassets */,
				345713161FA383C80085B71E /* LaunchScreen.storyboard */,
				345713191FA383C80085B71E /* Info.plist */,
				345713081FA383C80085B71E /* Supporting Files */,
			);
			path = helloXMPP;
			sourceTree = "<group>";
		};
		345713081FA383C80085B71E /* Supporting Files */ = {
			isa = PBXGroup;
			children = (
				345713091FA383C80085B71E /* main.m */,
				345713501FA491330085B71E /* PrefixHeader.pch */,
			);
			name = "Supporting Files";
			sourceTree = "<group>";
		};
		345713211FA383C80085B71E /* helloXMPPTests */ = {
			isa = PBXGroup;
			children = (
				345713221FA383C90085B71E /* helloXMPPTests.m */,
				345713241FA383C90085B71E /* Info.plist */,
			);
			path = helloXMPPTests;
			sourceTree = "<group>";
		};
		3457132C1FA383C90085B71E /* helloXMPPUITests */ = {
			isa = PBXGroup;
			children = (
				3457132D1FA383C90085B71E /* helloXMPPUITests.m */,
				3457132F1FA383C90085B71E /* Info.plist */,
			);
			path = helloXMPPUITests;
			sourceTree = "<group>";
		};
		3457133B1FA384A00085B71E /* VC */ = {
			isa = PBXGroup;
			children = (
				3457133C1FA384A00085B71E /* LoginVC.h */,
				3457133D1FA384A00085B71E /* LoginVC.m */,
				3457133E1FA384A00085B71E /* RegisterVC.h */,
				3457133F1FA384A00085B71E /* RegisterVC.m */,
			);
			path = VC;
			sourceTree = "<group>";
		};
		3457134C1FA490C00085B71E /* Tools */ = {
			isa = PBXGroup;
			children = (
				345713511FA491FB0085B71E /* XMPPTools.h */,
				345713521FA491FB0085B71E /* XMPPTools.m */,
			);
			path = Tools;
			sourceTree = "<group>";
		};
		E27DE317A4431E6B3D48F60B /* Frameworks */ = {
			isa = PBXGroup;
			children = (
				B72F11B30002364400882BC3 /* Pods_helloXMPP.framework */,
			);
			name = Frameworks;
			sourceTree = "<group>";
		};
/* End PBXGroup section */

/* Begin PBXNativeTarget section */
		345713041FA383C80085B71E /* helloXMPP */ = {
			isa = PBXNativeTarget;
			buildConfigurationList = 345713321FA383C90085B71E /* Build configuration list for PBXNativeTarget "helloXMPP" */;
			buildPhases = (
				3A41186544E2E676758ED12A /* [CP] Check Pods Manifest.lock */,
				345713011FA383C80085B71E /* Sources */,
				345713021FA383C80085B71E /* Frameworks */,
				345713031FA383C80085B71E /* Resources */,
				471C6BDD650438F396B40951 /* [CP] Embed Pods Frameworks */,
				937D4A3CFCA51DB7BC84339C /* [CP] Copy Pods Resources */,
			);
			buildRules = (
			);
			dependencies = (
			);
			name = helloXMPP;
			productName = helloXMPP;
			productReference = 345713051FA383C80085B71E /* helloXMPP.app */;
			productType = "com.apple.product-type.application";
		};
		3457131D1FA383C80085B71E /* helloXMPPTests */ = {
			isa = PBXNativeTarget;
			buildConfigurationList = 345713351FA383C90085B71E /* Build configuration list for PBXNativeTarget "helloXMPPTests" */;
			buildPhases = (
				3457131A1FA383C80085B71E /* Sources */,
				3457131B1FA383C80085B71E /* Frameworks */,
				3457131C1FA383C80085B71E /* Resources */,
			);
			buildRules = (
			);
			dependencies = (
				345713201FA383C80085B71E /* PBXTargetDependency */,
			);
			name = helloXMPPTests;
			productName = helloXMPPTests;
			productReference = 3457131E1FA383C80085B71E /* helloXMPPTests.xctest */;
			productType = "com.apple.product-type.bundle.unit-test";
		};
		345713281FA383C90085B71E /* helloXMPPUITests */ = {
			isa = PBXNativeTarget;
			buildConfigurationList = 345713381FA383C90085B71E /* Build configuration list for PBXNativeTarget "helloXMPPUITests" */;
			buildPhases = (
				345713251FA383C90085B71E /* Sources */,
				345713261FA383C90085B71E /* Frameworks */,
				345713271FA383C90085B71E /* Resources */,
			);
			buildRules = (
			);
			dependencies = (
				3457132B1FA383C90085B71E /* PBXTargetDependency */,
			);
			name = helloXMPPUITests;
			productName = helloXMPPUITests;
			productReference = 345713291FA383C90085B71E /* helloXMPPUITests.xctest */;
			productType = "com.apple.product-type.bundle.ui-testing";
		};
/* End PBXNativeTarget section */

/* Begin PBXProject section */
		345712FD1FA383C80085B71E /* Project object */ = {
			isa = PBXProject;
			attributes = {
				LastUpgradeCheck = 0820;
				ORGANIZATIONNAME = longgege;
				TargetAttributes = {
					345713041FA383C80085B71E = {
						CreatedOnToolsVersion = 8.2;
						DevelopmentTeam = TU5QH7P4TH;
						ProvisioningStyle = Automatic;
					};
					3457131D1FA383C80085B71E = {
						CreatedOnToolsVersion = 8.2;
						DevelopmentTeam = TU5QH7P4TH;
						ProvisioningStyle = Automatic;
						TestTargetID = 345713041FA383C80085B71E;
					};
					345713281FA383C90085B71E = {
						CreatedOnToolsVersion = 8.2;
						DevelopmentTeam = TU5QH7P4TH;
						ProvisioningStyle = Automatic;
						TestTargetID = 345713041FA383C80085B71E;
					};
				};
			};
			buildConfigurationList = 345713001FA383C80085B71E /* Build configuration list for PBXProject "helloXMPP" */;
			compatibilityVersion = "Xcode 3.2";
			developmentRegion = English;
			hasScannedForEncodings = 0;
			knownRegions = (
				en,
				Base,
			);
			mainGroup = 345712FC1FA383C80085B71E;
			productRefGroup = 345713061FA383C80085B71E /* Products */;
			projectDirPath = "";
			projectRoot = "";
			targets = (
				345713041FA383C80085B71E /* helloXMPP */,
				3457131D1FA383C80085B71E /* helloXMPPTests */,
				345713281FA383C90085B71E /* helloXMPPUITests */,
			);
		};
/* End PBXProject section */

/* Begin PBXResourcesBuildPhase section */
		345713031FA383C80085B71E /* Resources */ = {
			isa = PBXResourcesBuildPhase;
			buildActionMask = 2147483647;
			files = (
				345713181FA383C80085B71E /* LaunchScreen.storyboard in Resources */,
				345713151FA383C80085B71E /* Assets.xcassets in Resources */,
				345713131FA383C80085B71E /* Main.storyboard in Resources */,
			);
			runOnlyForDeploymentPostprocessing = 0;
		};
		3457131C1FA383C80085B71E /* Resources */ = {
			isa = PBXResourcesBuildPhase;
			buildActionMask = 2147483647;
			files = (
			);
			runOnlyForDeploymentPostprocessing = 0;
		};
		345713271FA383C90085B71E /* Resources */ = {
			isa = PBXResourcesBuildPhase;
			buildActionMask = 2147483647;
			files = (
			);
			runOnlyForDeploymentPostprocessing = 0;
		};
/* End PBXResourcesBuildPhase section */

/* Begin PBXShellScriptBuildPhase section */
		3A41186544E2E676758ED12A /* [CP] Check Pods Manifest.lock */ = {
			isa = PBXShellScriptBuildPhase;
			buildActionMask = 2147483647;
			files = (
			);
			inputPaths = (
				"${PODS_PODFILE_DIR_PATH}/Podfile.lock",
				"${PODS_ROOT}/Manifest.lock",
			);
			name = "[CP] Check Pods Manifest.lock";
			outputPaths = (
				"$(DERIVED_FILE_DIR)/Pods-helloXMPP-checkManifestLockResult.txt",
			);
			runOnlyForDeploymentPostprocessing = 0;
			shellPath = /bin/sh;
			shellScript = "diff \"${PODS_PODFILE_DIR_PATH}/Podfile.lock\" \"${PODS_ROOT}/Manifest.lock\" > /dev/null\nif [ $? != 0 ] ; then\n    # print error to STDERR\n    echo \"error: The sandbox is not in sync with the Podfile.lock. Run 'pod install' or update your CocoaPods installation.\" >&2\n    exit 1\nfi\n# This output is used by Xcode 'outputs' to avoid re-running this script phase.\necho \"SUCCESS\" > \"${SCRIPT_OUTPUT_FILE_0}\"\n";
			showEnvVarsInLog = 0;
		};
		471C6BDD650438F396B40951 /* [CP] Embed Pods Frameworks */ = {
			isa = PBXShellScriptBuildPhase;
			buildActionMask = 2147483647;
			files = (
			);
			inputPaths = (
				"${SRCROOT}/Pods/Target Support Files/Pods-helloXMPP/Pods-helloXMPP-frameworks.sh",
				"${BUILT_PRODUCTS_DIR}/CocoaAsyncSocket/CocoaAsyncSocket.framework",
				"${BUILT_PRODUCTS_DIR}/CocoaLumberjack/CocoaLumberjack.framework",
				"${BUILT_PRODUCTS_DIR}/KissXML/KissXML.framework",
				"${BUILT_PRODUCTS_DIR}/XMPPFramework/XMPPFramework.framework",
			);
			name = "[CP] Embed Pods Frameworks";
			outputPaths = (
				"${TARGET_BUILD_DIR}/${FRAMEWORKS_FOLDER_PATH}/CocoaAsyncSocket.framework",
				"${TARGET_BUILD_DIR}/${FRAMEWORKS_FOLDER_PATH}/CocoaLumberjack.framework",
				"${TARGET_BUILD_DIR}/${FRAMEWORKS_FOLDER_PATH}/KissXML.framework",
				"${TARGET_BUILD_DIR}/${FRAMEWORKS_FOLDER_PATH}/XMPPFramework.framework",
			);
			runOnlyForDeploymentPostprocessing = 0;
			shellPath = /bin/sh;
			shellScript = "\"${SRCROOT}/Pods/Target Support Files/Pods-helloXMPP/Pods-helloXMPP-frameworks.sh\"\n";
			showEnvVarsInLog = 0;
		};
		937D4A3CFCA51DB7BC84339C /* [CP] Copy Pods Resources */ = {
			isa = PBXShellScriptBuildPhase;
			buildActionMask = 2147483647;
			files = (
			);
			inputPaths = (
			);
			name = "[CP] Copy Pods Resources";
			outputPaths = (
			);
			runOnlyForDeploymentPostprocessing = 0;
			shellPath = /bin/sh;
			shellScript = "\"${SRCROOT}/Pods/Target Support Files/Pods-helloXMPP/Pods-helloXMPP-resources.sh\"\n";
			showEnvVarsInLog = 0;
		};
/* End PBXShellScriptBuildPhase section */

/* Begin PBXSourcesBuildPhase section */
		345713011FA383C80085B71E /* Sources */ = {
			isa = PBXSourcesBuildPhase;
			buildActionMask = 2147483647;
			files = (
				3457130D1FA383C80085B71E /* AppDelegate.m in Sources */,
				345713531FA491FB0085B71E /* XMPPTools.m in Sources */,
				345713411FA384A00085B71E /* RegisterVC.m in Sources */,
				345713401FA384A00085B71E /* LoginVC.m in Sources */,
				3457130A1FA383C80085B71E /* main.m in Sources */,
			);
			runOnlyForDeploymentPostprocessing = 0;
		};
		3457131A1FA383C80085B71E /* Sources */ = {
			isa = PBXSourcesBuildPhase;
			buildActionMask = 2147483647;
			files = (
				345713231FA383C90085B71E /* helloXMPPTests.m in Sources */,
			);
			runOnlyForDeploymentPostprocessing = 0;
		};
		345713251FA383C90085B71E /* Sources */ = {
			isa = PBXSourcesBuildPhase;
			buildActionMask = 2147483647;
			files = (
				3457132E1FA383C90085B71E /* helloXMPPUITests.m in Sources */,
			);
			runOnlyForDeploymentPostprocessing = 0;
		};
/* End PBXSourcesBuildPhase section */

/* Begin PBXTargetDependency section */
		345713201FA383C80085B71E /* PBXTargetDependency */ = {
			isa = PBXTargetDependency;
			target = 345713041FA383C80085B71E /* helloXMPP */;
			targetProxy = 3457131F1FA383C80085B71E /* PBXContainerItemProxy */;
		};
		3457132B1FA383C90085B71E /* PBXTargetDependency */ = {
			isa = PBXTargetDependency;
			target = 345713041FA383C80085B71E /* helloXMPP */;
			targetProxy = 3457132A1FA383C90085B71E /* PBXContainerItemProxy */;
		};
/* End PBXTargetDependency section */

/* Begin PBXVariantGroup section */
		345713111FA383C80085B71E /* Main.storyboard */ = {
			isa = PBXVariantGroup;
			children = (
				345713121FA383C80085B71E /* Base */,
			);
			name = Main.storyboard;
			sourceTree = "<group>";
		};
		345713161FA383C80085B71E /* LaunchScreen.storyboard */ = {
			isa = PBXVariantGroup;
			children = (
				345713171FA383C80085B71E /* Base */,
			);
			name = LaunchScreen.storyboard;
			sourceTree = "<group>";
		};
/* End PBXVariantGroup section */

/* Begin XCBuildConfiguration section */
		345713301FA383C90085B71E /* Debug */ = {
			isa = XCBuildConfiguration;
			buildSettings = {
				ALWAYS_SEARCH_USER_PATHS = NO;
				CLANG_ANALYZER_NONNULL = YES;
				CLANG_CXX_LANGUAGE_STANDARD = "gnu++0x";
				CLANG_CXX_LIBRARY = "libc++";
				CLANG_ENABLE_MODULES = YES;
				CLANG_ENABLE_OBJC_ARC = YES;
				CLANG_WARN_BOOL_CONVERSION = YES;
				CLANG_WARN_CONSTANT_CONVERSION = YES;
				CLANG_WARN_DIRECT_OBJC_ISA_USAGE = YES_ERROR;
				CLANG_WARN_DOCUMENTATION_COMMENTS = YES;
				CLANG_WARN_EMPTY_BODY = YES;
				CLANG_WARN_ENUM_CONVERSION = YES;
				CLANG_WARN_INFINITE_RECURSION = YES;
				CLANG_WARN_INT_CONVERSION = YES;
				CLANG_WARN_OBJC_ROOT_CLASS = YES_ERROR;
				CLANG_WARN_SUSPICIOUS_MOVE = YES;
				CLANG_WARN_UNREACHABLE_CODE = YES;
				CLANG_WARN__DUPLICATE_METHOD_MATCH = YES;
				"CODE_SIGN_IDENTITY[sdk=iphoneos*]" = "iPhone Developer";
				COPY_PHASE_STRIP = NO;
				DEBUG_INFORMATION_FORMAT = dwarf;
				ENABLE_STRICT_OBJC_MSGSEND = YES;
				ENABLE_TESTABILITY = YES;
				GCC_C_LANGUAGE_STANDARD = gnu99;
				GCC_DYNAMIC_NO_PIC = NO;
				GCC_NO_COMMON_BLOCKS = YES;
				GCC_OPTIMIZATION_LEVEL = 0;
				GCC_PREPROCESSOR_DEFINITIONS = (
					"DEBUG=1",
					"$(inherited)",
				);
				GCC_WARN_64_TO_32_BIT_CONVERSION = YES;
				GCC_WARN_ABOUT_RETURN_TYPE = YES_ERROR;
				GCC_WARN_UNDECLARED_SELECTOR = YES;
				GCC_WARN_UNINITIALIZED_AUTOS = YES_AGGRESSIVE;
				GCC_WARN_UNUSED_FUNCTION = YES;
				GCC_WARN_UNUSED_VARIABLE = YES;
				IPHONEOS_DEPLOYMENT_TARGET = 10.2;
				MTL_ENABLE_DEBUG_INFO = YES;
				ONLY_ACTIVE_ARCH = YES;
				SDKROOT = iphoneos;
			};
			name = Debug;
		};
		345713311FA383C90085B71E /* Release */ = {
			isa = XCBuildConfiguration;
			buildSettings = {
				ALWAYS_SEARCH_USER_PATHS = NO;
				CLANG_ANALYZER_NONNULL = YES;
				CLANG_CXX_LANGUAGE_STANDARD = "gnu++0x";
				CLANG_CXX_LIBRARY = "libc++";
				CLANG_ENABLE_MODULES = YES;
				CLANG_ENABLE_OBJC_ARC = YES;
				CLANG_WARN_BOOL_CONVERSION = YES;
				CLANG_WARN_CONSTANT_CONVERSION = YES;
				CLANG_WARN_DIRECT_OBJC_ISA_USAGE = YES_ERROR;
				CLANG_WARN_DOCUMENTATION_COMMENTS = YES;
				CLANG_WARN_EMPTY_BODY = YES;
				CLANG_WARN_ENUM_CONVERSION = YES;
				CLANG_WARN_INFINITE_RECURSION = YES;
				CLANG_WARN_INT_CONVERSION = YES;
				CLANG_WARN_OBJC_ROOT_CLASS = YES_ERROR;
				CLANG_WARN_SUSPICIOUS_MOVE = YES;
				CLANG_WARN_UNREACHABLE_CODE = YES;
				CLANG_WARN__DUPLICATE_METHOD_MATCH = YES;
				"CODE_SIGN_IDENTITY[sdk=iphoneos*]" = "iPhone Developer";
				COPY_PHASE_STRIP = NO;
				DEBUG_INFORMATION_FORMAT = "dwarf-with-dsym";
				ENABLE_NS_ASSERTIONS = NO;
				ENABLE_STRICT_OBJC_MSGSEND = YES;
				GCC_C_LANGUAGE_STANDARD = gnu99;
				GCC_NO_COMMON_BLOCKS = YES;
				GCC_WARN_64_TO_32_BIT_CONVERSION = YES;
				GCC_WARN_ABOUT_RETURN_TYPE = YES_ERROR;
				GCC_WARN_UNDECLARED_SELECTOR = YES;
				GCC_WARN_UNINITIALIZED_AUTOS = YES_AGGRESSIVE;
				GCC_WARN_UNUSED_FUNCTION = YES;
				GCC_WARN_UNUSED_VARIABLE = YES;
				IPHONEOS_DEPLOYMENT_TARGET = 10.2;
				MTL_ENABLE_DEBUG_INFO = NO;
				SDKROOT = iphoneos;
				VALIDATE_PRODUCT = YES;
			};
			name = Release;
		};
		345713331FA383C90085B71E /* Debug */ = {
			isa = XCBuildConfiguration;
			baseConfigurationReference = 7985AD58F87669D1A996A9D0 /* Pods-helloXMPP.debug.xcconfig */;
			buildSettings = {
				ASSETCATALOG_COMPILER_APPICON_NAME = AppIcon;
				DEVELOPMENT_TEAM = TU5QH7P4TH;
				GCC_PREFIX_HEADER = "${SRCROOT}/helloXMPP/PrefixHeader.pch";
				INFOPLIST_FILE = helloXMPP/Info.plist;
				LD_RUNPATH_SEARCH_PATHS = "$(inherited) @executable_path/Frameworks";
				PRODUCT_BUNDLE_IDENTIFIER = longgege.helloXMPP;
				PRODUCT_NAME = "$(TARGET_NAME)";
			};
			name = Debug;
		};
		345713341FA383C90085B71E /* Release */ = {
			isa = XCBuildConfiguration;
			baseConfigurationReference = 95A5F1E8D60C77479FD51A13 /* Pods-helloXMPP.release.xcconfig */;
			buildSettings = {
				ASSETCATALOG_COMPILER_APPICON_NAME = AppIcon;
				DEVELOPMENT_TEAM = TU5QH7P4TH;
				GCC_PREFIX_HEADER = "${SRCROOT}/helloXMPP/PrefixHeader.pch";
				INFOPLIST_FILE = helloXMPP/Info.plist;
				LD_RUNPATH_SEARCH_PATHS = "$(inherited) @executable_path/Frameworks";
				PRODUCT_BUNDLE_IDENTIFIER = longgege.helloXMPP;
				PRODUCT_NAME = "$(TARGET_NAME)";
			};
			name = Release;
		};
		345713361FA383C90085B71E /* Debug */ = {
			isa = XCBuildConfiguration;
			buildSettings = {
				BUNDLE_LOADER = "$(TEST_HOST)";
				DEVELOPMENT_TEAM = TU5QH7P4TH;
				INFOPLIST_FILE = helloXMPPTests/Info.plist;
				LD_RUNPATH_SEARCH_PATHS = "$(inherited) @executable_path/Frameworks @loader_path/Frameworks";
				PRODUCT_BUNDLE_IDENTIFIER = longgege.helloXMPPTests;
				PRODUCT_NAME = "$(TARGET_NAME)";
				TEST_HOST = "$(BUILT_PRODUCTS_DIR)/helloXMPP.app/helloXMPP";
			};
			name = Debug;
		};
		345713371FA383C90085B71E /* Release */ = {
			isa = XCBuildConfiguration;
			buildSettings = {
				BUNDLE_LOADER = "$(TEST_HOST)";
				DEVELOPMENT_TEAM = TU5QH7P4TH;
				INFOPLIST_FILE = helloXMPPTests/Info.plist;
				LD_RUNPATH_SEARCH_PATHS = "$(inherited) @executable_path/Frameworks @loader_path/Frameworks";
				PRODUCT_BUNDLE_IDENTIFIER = longgege.helloXMPPTests;
				PRODUCT_NAME = "$(TARGET_NAME)";
				TEST_HOST = "$(BUILT_PRODUCTS_DIR)/helloXMPP.app/helloXMPP";
			};
			name = Release;
		};
		345713391FA383C90085B71E /* Debug */ = {
			isa = XCBuildConfiguration;
			buildSettings = {
				DEVELOPMENT_TEAM = TU5QH7P4TH;
				INFOPLIST_FILE = helloXMPPUITests/Info.plist;
				LD_RUNPATH_SEARCH_PATHS = "$(inherited) @executable_path/Frameworks @loader_path/Frameworks";
				PRODUCT_BUNDLE_IDENTIFIER = longgege.helloXMPPUITests;
				PRODUCT_NAME = "$(TARGET_NAME)";
				TEST_TARGET_NAME = helloXMPP;
			};
			name = Debug;
		};
		3457133A1FA383C90085B71E /* Release */ = {
			isa = XCBuildConfiguration;
			buildSettings = {
				DEVELOPMENT_TEAM = TU5QH7P4TH;
				INFOPLIST_FILE = helloXMPPUITests/Info.plist;
				LD_RUNPATH_SEARCH_PATHS = "$(inherited) @executable_path/Frameworks @loader_path/Frameworks";
				PRODUCT_BUNDLE_IDENTIFIER = longgege.helloXMPPUITests;
				PRODUCT_NAME = "$(TARGET_NAME)";
				TEST_TARGET_NAME = helloXMPP;
			};
			name = Release;
		};
/* End XCBuildConfiguration section */

/* Begin XCConfigurationList section */
		345713001FA383C80085B71E /* Build configuration list for PBXProject "helloXMPP" */ = {
			isa = XCConfigurationList;
			buildConfigurations = (
				345713301FA383C90085B71E /* Debug */,
				345713311FA383C90085B71E /* Release */,
			);
			defaultConfigurationIsVisible = 0;
			defaultConfigurationName = Release;
		};
		345713321FA383C90085B71E /* Build configuration list for PBXNativeTarget "helloXMPP" */ = {
			isa = XCConfigurationList;
			buildConfigurations = (
				345713331FA383C90085B71E /* Debug */,
				345713341FA383C90085B71E /* Release */,
			);
			defaultConfigurationIsVisible = 0;
			defaultConfigurationName = Release;
		};
		345713351FA383C90085B71E /* Build configuration list for PBXNativeTarget "helloXMPPTests" */ = {
			isa = XCConfigurationList;
			buildConfigurations = (
				345713361FA383C90085B71E /* Debug */,
				345713371FA383C90085B71E /* Release */,
			);
			defaultConfigurationIsVisible = 0;
			defaultConfigurationName = Release;
		};
		345713381FA383C90085B71E /* Build configuration list for PBXNativeTarget "helloXMPPUITests" */ = {
			isa = XCConfigurationList;
			buildConfigurations = (
				345713391FA383C90085B71E /* Debug */,
				3457133A1FA383C90085B71E /* Release */,
			);
			defaultConfigurationIsVisible = 0;
			defaultConfigurationName = Release;
		};
/* End XCConfigurationList section */
	};
	rootObject = 345712FD1FA383C80085B71E /* Project object */;
}
